{
  "version": 4,
  "terraform_version": "0.15.4",
  "serial": 67,
  "lineage": "f4df5abd-2a84-12e4-2fd2-b9c5e254d1c1",
  "outputs": {},
  "resources": [
    {
      "module": "module.albb",
      "mode": "managed",
      "type": "aws_autoscaling_group",
      "name": "Backend",
      "provider": "provider[\"registry.terraform.io/hashicorp/aws\"]",
      "instances": [
        {
          "schema_version": 0,
          "attributes": {
            "arn": "arn:aws:autoscaling:us-east-2:081951471531:autoScalingGroup:5f77b339-e67f-4bd3-b623-b5fff91b4f85:autoScalingGroupName/tf-asg-20210602081748749100000002",
            "availability_zones": [
              "us-east-2a",
              "us-east-2b"
            ],
            "capacity_rebalance": false,
            "default_cooldown": 300,
            "desired_capacity": 1,
            "enabled_metrics": null,
            "force_delete": false,
            "force_delete_warm_pool": false,
            "health_check_grace_period": 300,
            "health_check_type": "EC2",
            "id": "tf-asg-20210602081748749100000002",
            "initial_lifecycle_hook": [],
            "instance_refresh": [],
            "launch_configuration": "terraform-20210602081744111300000001",
            "launch_template": [],
            "load_balancers": null,
            "max_instance_lifetime": 0,
            "max_size": 5,
            "metrics_granularity": "1Minute",
            "min_elb_capacity": null,
            "min_size": 1,
            "mixed_instances_policy": [],
            "name": "tf-asg-20210602081748749100000002",
            "name_prefix": null,
            "placement_group": "",
            "protect_from_scale_in": false,
            "service_linked_role_arn": "arn:aws:iam::081951471531:role/aws-service-role/autoscaling.amazonaws.com/AWSServiceRoleForAutoScaling",
            "suspended_processes": null,
            "tag": [
              {
                "key": "Name",
                "propagate_at_launch": true,
                "value": "test-asg-backend"
              }
            ],
            "tags": null,
            "target_group_arns": [
              "arn:aws:elasticloadbalancing:us-east-2:081951471531:targetgroup/test-tg-private/6eeceb78e08c710c"
            ],
            "termination_policies": null,
            "timeouts": null,
            "vpc_zone_identifier": [
              "subnet-054c76d7848025893",
              "subnet-09425cf721e99ce90"
            ],
            "wait_for_capacity_timeout": "10m",
            "wait_for_elb_capacity": null,
            "warm_pool": []
          },
          "sensitive_attributes": [],
          "private": "eyJlMmJmYjczMC1lY2FhLTExZTYtOGY4OC0zNDM2M2JjN2M0YzAiOnsiZGVsZXRlIjo2MDAwMDAwMDAwMDB9fQ==",
          "dependencies": [
            "module.albb.aws_launch_configuration.test-launch-config2",
            "module.albb.aws_lb_target_group.target-group2",
            "module.albb.aws_security_group.asg-sg2"
          ]
        }
      ]
    },
    {
      "module": "module.albb",
      "mode": "managed",
      "type": "aws_autoscaling_policy",
      "name": "web_policy_down2",
      "provider": "provider[\"registry.terraform.io/hashicorp/aws\"]",
      "instances": [
        {
          "schema_version": 0,
          "attributes": {
            "adjustment_type": "ChangeInCapacity",
            "arn": "arn:aws:autoscaling:us-east-2:081951471531:scalingPolicy:39a35b8b-d538-40db-8939-19ac47162e8f:autoScalingGroupName/tf-asg-20210602081748749100000002:policyName/web_policy_down2",
            "autoscaling_group_name": "tf-asg-20210602081748749100000002",
            "cooldown": 600,
            "estimated_instance_warmup": 0,
            "id": "web_policy_down2",
            "metric_aggregation_type": "",
            "min_adjustment_magnitude": null,
            "name": "web_policy_down2",
            "policy_type": "SimpleScaling",
            "predictive_scaling_configuration": [],
            "scaling_adjustment": -1,
            "step_adjustment": [],
            "target_tracking_configuration": []
          },
          "sensitive_attributes": [],
          "private": "bnVsbA==",
          "dependencies": [
            "module.albb.aws_autoscaling_group.Backend",
            "module.albb.aws_launch_configuration.test-launch-config2",
            "module.albb.aws_lb_target_group.target-group2",
            "module.albb.aws_security_group.asg-sg2"
          ]
        }
      ]
    },
    {
      "module": "module.albb",
      "mode": "managed",
      "type": "aws_autoscaling_policy",
      "name": "web_policy_up2",
      "provider": "provider[\"registry.terraform.io/hashicorp/aws\"]",
      "instances": [
        {
          "schema_version": 0,
          "attributes": {
            "adjustment_type": "ChangeInCapacity",
            "arn": "arn:aws:autoscaling:us-east-2:081951471531:scalingPolicy:fd5893a9-8775-4905-89a8-0ec699820243:autoScalingGroupName/tf-asg-20210602081748749100000002:policyName/web_policy_up2",
            "autoscaling_group_name": "tf-asg-20210602081748749100000002",
            "cooldown": 600,
            "estimated_instance_warmup": 0,
            "id": "web_policy_up2",
            "metric_aggregation_type": "",
            "min_adjustment_magnitude": null,
            "name": "web_policy_up2",
            "policy_type": "SimpleScaling",
            "predictive_scaling_configuration": [],
            "scaling_adjustment": 1,
            "step_adjustment": [],
            "target_tracking_configuration": []
          },
          "sensitive_attributes": [],
          "private": "bnVsbA==",
          "dependencies": [
            "module.albb.aws_autoscaling_group.Backend",
            "module.albb.aws_launch_configuration.test-launch-config2",
            "module.albb.aws_lb_target_group.target-group2",
            "module.albb.aws_security_group.asg-sg2"
          ]
        }
      ]
    },
    {
      "module": "module.albb",
      "mode": "managed",
      "type": "aws_cloudwatch_metric_alarm",
      "name": "web_cpu_alarmdown2",
      "provider": "provider[\"registry.terraform.io/hashicorp/aws\"]",
      "instances": [
        {
          "schema_version": 1,
          "attributes": {
            "actions_enabled": true,
            "alarm_actions": [
              "arn:aws:autoscaling:us-east-2:081951471531:scalingPolicy:39a35b8b-d538-40db-8939-19ac47162e8f:autoScalingGroupName/tf-asg-20210602081748749100000002:policyName/web_policy_down2"
            ],
            "alarm_description": "This metric monitor EC2 instance CPU utilization",
            "alarm_name": "web_cpu_alarm_down2",
            "arn": "arn:aws:cloudwatch:us-east-2:081951471531:alarm:web_cpu_alarm_down2",
            "comparison_operator": "LessThanOrEqualToThreshold",
            "datapoints_to_alarm": 0,
            "dimensions": {
              "AutoScalingGroupName": "tf-asg-20210602081748749100000002"
            },
            "evaluate_low_sample_count_percentiles": "",
            "evaluation_periods": 2,
            "extended_statistic": "",
            "id": "web_cpu_alarm_down2",
            "insufficient_data_actions": null,
            "metric_name": "CPUUtilization",
            "metric_query": [],
            "namespace": "AWS/EC2",
            "ok_actions": null,
            "period": 120,
            "statistic": "Average",
            "tags": null,
            "tags_all": {},
            "threshold": 20,
            "threshold_metric_id": "",
            "treat_missing_data": "missing",
            "unit": ""
          },
          "sensitive_attributes": [],
          "private": "eyJzY2hlbWFfdmVyc2lvbiI6IjEifQ==",
          "dependencies": [
            "module.albb.aws_autoscaling_group.Backend",
            "module.albb.aws_autoscaling_policy.web_policy_down2",
            "module.albb.aws_launch_configuration.test-launch-config2",
            "module.albb.aws_lb_target_group.target-group2",
            "module.albb.aws_security_group.asg-sg2"
          ]
        }
      ]
    },
    {
      "module": "module.albb",
      "mode": "managed",
      "type": "aws_launch_configuration",
      "name": "test-launch-config2",
      "provider": "provider[\"registry.terraform.io/hashicorp/aws\"]",
      "instances": [
        {
          "schema_version": 0,
          "attributes": {
            "arn": "arn:aws:autoscaling:us-east-2:081951471531:launchConfiguration:5b5bdf50-e1c8-467a-bf09-de891373fe2d:launchConfigurationName/terraform-20210602081744111300000001",
            "associate_public_ip_address": false,
            "ebs_block_device": [],
            "ebs_optimized": false,
            "enable_monitoring": true,
            "ephemeral_block_device": [],
            "iam_instance_profile": "",
            "id": "terraform-20210602081744111300000001",
            "image_id": "ami-06b010d7ccc078d18",
            "instance_type": "t2.micro",
            "key_name": "",
            "metadata_options": [],
            "name": "terraform-20210602081744111300000001",
            "name_prefix": null,
            "placement_tenancy": null,
            "root_block_device": [],
            "security_groups": [
              "sg-08bdd70965db4d39e"
            ],
            "spot_price": "",
            "user_data": null,
            "user_data_base64": null,
            "vpc_classic_link_id": "",
            "vpc_classic_link_security_groups": null
          },
          "sensitive_attributes": [],
          "private": "bnVsbA==",
          "dependencies": [
            "module.albb.aws_security_group.asg-sg2"
          ]
        }
      ]
    },
    {
      "module": "module.albb",
      "mode": "managed",
      "type": "aws_lb",
      "name": "aws-alb2",
      "provider": "provider[\"registry.terraform.io/hashicorp/aws\"]",
      "instances": [
        {
          "schema_version": 0,
          "attributes": {
            "access_logs": [
              {
                "bucket": "",
                "enabled": false,
                "prefix": ""
              }
            ],
            "arn": "arn:aws:elasticloadbalancing:us-east-2:081951471531:loadbalancer/app/test-alb2/f8ab8b793c264315",
            "arn_suffix": "app/test-alb2/f8ab8b793c264315",
            "customer_owned_ipv4_pool": "",
            "dns_name": "internal-test-alb2-785647307.us-east-2.elb.amazonaws.com",
            "drop_invalid_header_fields": false,
            "enable_cross_zone_load_balancing": null,
            "enable_deletion_protection": false,
            "enable_http2": true,
            "id": "arn:aws:elasticloadbalancing:us-east-2:081951471531:loadbalancer/app/test-alb2/f8ab8b793c264315",
            "idle_timeout": 60,
            "internal": true,
            "ip_address_type": "ipv4",
            "load_balancer_type": "application",
            "name": "test-alb2",
            "name_prefix": null,
            "security_groups": [
              "sg-09c61d386bfdaec73"
            ],
            "subnet_mapping": [
              {
                "allocation_id": "",
                "ipv6_address": "",
                "outpost_id": "",
                "private_ipv4_address": "",
                "subnet_id": "subnet-054c76d7848025893"
              },
              {
                "allocation_id": "",
                "ipv6_address": "",
                "outpost_id": "",
                "private_ipv4_address": "",
                "subnet_id": "subnet-09425cf721e99ce90"
              }
            ],
            "subnets": [
              "subnet-054c76d7848025893",
              "subnet-09425cf721e99ce90"
            ],
            "tags": {
              "Name": "test-alb-private"
            },
            "tags_all": {
              "Name": "test-alb-private"
            },
            "timeouts": null,
            "vpc_id": "vpc-0cc3748db645f4dea",
            "zone_id": "Z3AADJGX6KTTL2"
          },
          "sensitive_attributes": [],
          "private": "eyJlMmJmYjczMC1lY2FhLTExZTYtOGY4OC0zNDM2M2JjN2M0YzAiOnsiY3JlYXRlIjo2MDAwMDAwMDAwMDAsImRlbGV0ZSI6NjAwMDAwMDAwMDAwLCJ1cGRhdGUiOjYwMDAwMDAwMDAwMH19",
          "dependencies": [
            "module.albb.aws_security_group.alb-sg2"
          ]
        }
      ]
    },
    {
      "module": "module.albb",
      "mode": "managed",
      "type": "aws_lb_listener",
      "name": "test-alb-listner2",
      "provider": "provider[\"registry.terraform.io/hashicorp/aws\"]",
      "instances": [
        {
          "schema_version": 0,
          "attributes": {
            "alpn_policy": null,
            "arn": "arn:aws:elasticloadbalancing:us-east-2:081951471531:listener/app/test-alb2/f8ab8b793c264315/b9e03b6d73cd8af6",
            "certificate_arn": null,
            "default_action": [
              {
                "authenticate_cognito": [],
                "authenticate_oidc": [],
                "fixed_response": [],
                "forward": [],
                "order": 1,
                "redirect": [],
                "target_group_arn": "arn:aws:elasticloadbalancing:us-east-2:081951471531:targetgroup/test-tg-private/6eeceb78e08c710c",
                "type": "forward"
              }
            ],
            "id": "arn:aws:elasticloadbalancing:us-east-2:081951471531:listener/app/test-alb2/f8ab8b793c264315/b9e03b6d73cd8af6",
            "load_balancer_arn": "arn:aws:elasticloadbalancing:us-east-2:081951471531:loadbalancer/app/test-alb2/f8ab8b793c264315",
            "port": 8000,
            "protocol": "HTTP",
            "ssl_policy": "",
            "tags": null,
            "tags_all": {},
            "timeouts": null
          },
          "sensitive_attributes": [],
          "private": "eyJlMmJmYjczMC1lY2FhLTExZTYtOGY4OC0zNDM2M2JjN2M0YzAiOnsicmVhZCI6NjAwMDAwMDAwMDAwfX0=",
          "dependencies": [
            "module.albb.aws_lb.aws-alb2",
            "module.albb.aws_lb_target_group.target-group2",
            "module.albb.aws_security_group.alb-sg2"
          ]
        }
      ]
    },
    {
      "module": "module.albb",
      "mode": "managed",
      "type": "aws_lb_listener",
      "name": "test-alb-listner3",
      "provider": "provider[\"registry.terraform.io/hashicorp/aws\"]",
      "instances": [
        {
          "schema_version": 0,
          "attributes": {
            "alpn_policy": null,
            "arn": "arn:aws:elasticloadbalancing:us-east-2:081951471531:listener/app/test-alb2/f8ab8b793c264315/298240346b5e74ea",
            "certificate_arn": null,
            "default_action": [
              {
                "authenticate_cognito": [],
                "authenticate_oidc": [],
                "fixed_response": [],
                "forward": [],
                "order": 1,
                "redirect": [],
                "target_group_arn": "arn:aws:elasticloadbalancing:us-east-2:081951471531:targetgroup/test-tg-private/6eeceb78e08c710c",
                "type": "forward"
              }
            ],
            "id": "arn:aws:elasticloadbalancing:us-east-2:081951471531:listener/app/test-alb2/f8ab8b793c264315/298240346b5e74ea",
            "load_balancer_arn": "arn:aws:elasticloadbalancing:us-east-2:081951471531:loadbalancer/app/test-alb2/f8ab8b793c264315",
            "port": 80,
            "protocol": "HTTP",
            "ssl_policy": "",
            "tags": null,
            "tags_all": {},
            "timeouts": null
          },
          "sensitive_attributes": [],
          "private": "eyJlMmJmYjczMC1lY2FhLTExZTYtOGY4OC0zNDM2M2JjN2M0YzAiOnsicmVhZCI6NjAwMDAwMDAwMDAwfX0=",
          "dependencies": [
            "module.albb.aws_lb.aws-alb2",
            "module.albb.aws_lb_target_group.target-group2",
            "module.albb.aws_security_group.alb-sg2"
          ]
        }
      ]
    },
    {
      "module": "module.albb",
      "mode": "managed",
      "type": "aws_lb_target_group",
      "name": "target-group2",
      "provider": "provider[\"registry.terraform.io/hashicorp/aws\"]",
      "instances": [
        {
          "schema_version": 0,
          "attributes": {
            "arn": "arn:aws:elasticloadbalancing:us-east-2:081951471531:targetgroup/test-tg-private/6eeceb78e08c710c",
            "arn_suffix": "targetgroup/test-tg-private/6eeceb78e08c710c",
            "deregistration_delay": 300,
            "health_check": [
              {
                "enabled": true,
                "healthy_threshold": 5,
                "interval": 10,
                "matcher": "200",
                "path": "/",
                "port": "traffic-port",
                "protocol": "HTTP",
                "timeout": 5,
                "unhealthy_threshold": 2
              }
            ],
            "id": "arn:aws:elasticloadbalancing:us-east-2:081951471531:targetgroup/test-tg-private/6eeceb78e08c710c",
            "lambda_multi_value_headers_enabled": false,
            "load_balancing_algorithm_type": "round_robin",
            "name": "test-tg-private",
            "name_prefix": null,
            "port": 8000,
            "preserve_client_ip": null,
            "protocol": "HTTP",
            "protocol_version": "HTTP1",
            "proxy_protocol_v2": false,
            "slow_start": 0,
            "stickiness": [
              {
                "cookie_duration": 86400,
                "enabled": false,
                "type": "lb_cookie"
              }
            ],
            "tags": null,
            "tags_all": {},
            "target_type": "instance",
            "vpc_id": "vpc-0cc3748db645f4dea"
          },
          "sensitive_attributes": [],
          "private": "bnVsbA=="
        }
      ]
    },
    {
      "module": "module.albb",
      "mode": "managed",
      "type": "aws_security_group",
      "name": "alb-sg2",
      "provider": "provider[\"registry.terraform.io/hashicorp/aws\"]",
      "instances": [
        {
          "schema_version": 1,
          "attributes": {
            "arn": "arn:aws:ec2:us-east-2:081951471531:security-group/sg-09c61d386bfdaec73",
            "description": "Managed by Terraform",
            "egress": [],
            "id": "sg-09c61d386bfdaec73",
            "ingress": [],
            "name": "alb-sg2",
            "name_prefix": "",
            "owner_id": "081951471531",
            "revoke_rules_on_delete": false,
            "tags": null,
            "tags_all": {},
            "timeouts": null,
            "vpc_id": "vpc-0cc3748db645f4dea"
          },
          "sensitive_attributes": [],
          "private": "eyJlMmJmYjczMC1lY2FhLTExZTYtOGY4OC0zNDM2M2JjN2M0YzAiOnsiY3JlYXRlIjo2MDAwMDAwMDAwMDAsImRlbGV0ZSI6OTAwMDAwMDAwMDAwfSwic2NoZW1hX3ZlcnNpb24iOiIxIn0="
        }
      ]
    },
    {
      "module": "module.albb",
      "mode": "managed",
      "type": "aws_security_group",
      "name": "asg-sg2",
      "provider": "provider[\"registry.terraform.io/hashicorp/aws\"]",
      "instances": [
        {
          "schema_version": 1,
          "attributes": {
            "arn": "arn:aws:ec2:us-east-2:081951471531:security-group/sg-08bdd70965db4d39e",
            "description": "Managed by Terraform",
            "egress": [],
            "id": "sg-08bdd70965db4d39e",
            "ingress": [],
            "name": "asg-sg2",
            "name_prefix": "",
            "owner_id": "081951471531",
            "revoke_rules_on_delete": false,
            "tags": null,
            "tags_all": {},
            "timeouts": null,
            "vpc_id": "vpc-0cc3748db645f4dea"
          },
          "sensitive_attributes": [],
          "private": "eyJlMmJmYjczMC1lY2FhLTExZTYtOGY4OC0zNDM2M2JjN2M0YzAiOnsiY3JlYXRlIjo2MDAwMDAwMDAwMDAsImRlbGV0ZSI6OTAwMDAwMDAwMDAwfSwic2NoZW1hX3ZlcnNpb24iOiIxIn0="
        }
      ]
    },
    {
      "module": "module.albb",
      "mode": "managed",
      "type": "aws_security_group_rule",
      "name": "asg_inbound_backend",
      "provider": "provider[\"registry.terraform.io/hashicorp/aws\"]",
      "instances": [
        {
          "schema_version": 2,
          "attributes": {
            "cidr_blocks": [
              "0.0.0.0/0"
            ],
            "description": null,
            "from_port": 8000,
            "id": "sgrule-2547578588",
            "ipv6_cidr_blocks": null,
            "prefix_list_ids": null,
            "protocol": "tcp",
            "security_group_id": "sg-08bdd70965db4d39e",
            "self": false,
            "source_security_group_id": null,
            "to_port": 8000,
            "type": "ingress"
          },
          "sensitive_attributes": [],
          "private": "eyJzY2hlbWFfdmVyc2lvbiI6IjIifQ==",
          "dependencies": [
            "module.albb.aws_security_group.asg-sg2"
          ]
        }
      ]
    },
    {
      "module": "module.albb",
      "mode": "managed",
      "type": "aws_security_group_rule",
      "name": "asg_inbound_database",
      "provider": "provider[\"registry.terraform.io/hashicorp/aws\"]",
      "instances": [
        {
          "schema_version": 2,
          "attributes": {
            "cidr_blocks": [
              "0.0.0.0/0"
            ],
            "description": null,
            "from_port": 3306,
            "id": "sgrule-216426300",
            "ipv6_cidr_blocks": null,
            "prefix_list_ids": null,
            "protocol": "tcp",
            "security_group_id": "sg-08bdd70965db4d39e",
            "self": false,
            "source_security_group_id": null,
            "to_port": 3306,
            "type": "ingress"
          },
          "sensitive_attributes": [],
          "private": "eyJzY2hlbWFfdmVyc2lvbiI6IjIifQ==",
          "dependencies": [
            "module.albb.aws_security_group.asg-sg2"
          ]
        }
      ]
    },
    {
      "module": "module.albb",
      "mode": "managed",
      "type": "aws_security_group_rule",
      "name": "asg_inbound_http",
      "provider": "provider[\"registry.terraform.io/hashicorp/aws\"]",
      "instances": [
        {
          "schema_version": 2,
          "attributes": {
            "cidr_blocks": [
              "0.0.0.0/0"
            ],
            "description": null,
            "from_port": 80,
            "id": "sgrule-3903422718",
            "ipv6_cidr_blocks": null,
            "prefix_list_ids": null,
            "protocol": "tcp",
            "security_group_id": "sg-08bdd70965db4d39e",
            "self": false,
            "source_security_group_id": null,
            "to_port": 80,
            "type": "ingress"
          },
          "sensitive_attributes": [],
          "private": "eyJzY2hlbWFfdmVyc2lvbiI6IjIifQ==",
          "dependencies": [
            "module.albb.aws_security_group.asg-sg2"
          ]
        }
      ]
    },
    {
      "module": "module.albb",
      "mode": "managed",
      "type": "aws_security_group_rule",
      "name": "asg_inbound_ssh",
      "provider": "provider[\"registry.terraform.io/hashicorp/aws\"]",
      "instances": [
        {
          "schema_version": 2,
          "attributes": {
            "cidr_blocks": [
              "0.0.0.0/0"
            ],
            "description": null,
            "from_port": 22,
            "id": "sgrule-1579408715",
            "ipv6_cidr_blocks": null,
            "prefix_list_ids": null,
            "protocol": "tcp",
            "security_group_id": "sg-08bdd70965db4d39e",
            "self": false,
            "source_security_group_id": null,
            "to_port": 22,
            "type": "ingress"
          },
          "sensitive_attributes": [],
          "private": "eyJzY2hlbWFfdmVyc2lvbiI6IjIifQ==",
          "dependencies": [
            "module.albb.aws_security_group.asg-sg2"
          ]
        }
      ]
    },
    {
      "module": "module.albb",
      "mode": "managed",
      "type": "aws_security_group_rule",
      "name": "asg_outbound_all",
      "provider": "provider[\"registry.terraform.io/hashicorp/aws\"]",
      "instances": [
        {
          "schema_version": 2,
          "attributes": {
            "cidr_blocks": [
              "0.0.0.0/0"
            ],
            "description": null,
            "from_port": 0,
            "id": "sgrule-1566133635",
            "ipv6_cidr_blocks": null,
            "prefix_list_ids": null,
            "protocol": "-1",
            "security_group_id": "sg-08bdd70965db4d39e",
            "self": false,
            "source_security_group_id": null,
            "to_port": 0,
            "type": "egress"
          },
          "sensitive_attributes": [],
          "private": "eyJzY2hlbWFfdmVyc2lvbiI6IjIifQ==",
          "dependencies": [
            "module.albb.aws_security_group.asg-sg2"
          ]
        }
      ]
    },
    {
      "module": "module.albb",
      "mode": "managed",
      "type": "aws_security_group_rule",
      "name": "inbound_backend",
      "provider": "provider[\"registry.terraform.io/hashicorp/aws\"]",
      "instances": [
        {
          "schema_version": 2,
          "attributes": {
            "cidr_blocks": [
              "0.0.0.0/0"
            ],
            "description": null,
            "from_port": 8000,
            "id": "sgrule-1785963925",
            "ipv6_cidr_blocks": null,
            "prefix_list_ids": null,
            "protocol": "tcp",
            "security_group_id": "sg-09c61d386bfdaec73",
            "self": false,
            "source_security_group_id": null,
            "to_port": 8000,
            "type": "ingress"
          },
          "sensitive_attributes": [],
          "private": "eyJzY2hlbWFfdmVyc2lvbiI6IjIifQ==",
          "dependencies": [
            "module.albb.aws_security_group.alb-sg2"
          ]
        }
      ]
    },
    {
      "module": "module.albb",
      "mode": "managed",
      "type": "aws_security_group_rule",
      "name": "inbound_database",
      "provider": "provider[\"registry.terraform.io/hashicorp/aws\"]",
      "instances": [
        {
          "schema_version": 2,
          "attributes": {
            "cidr_blocks": [
              "0.0.0.0/0"
            ],
            "description": null,
            "from_port": 3306,
            "id": "sgrule-4048368757",
            "ipv6_cidr_blocks": null,
            "prefix_list_ids": null,
            "protocol": "tcp",
            "security_group_id": "sg-09c61d386bfdaec73",
            "self": false,
            "source_security_group_id": null,
            "to_port": 3306,
            "type": "ingress"
          },
          "sensitive_attributes": [],
          "private": "eyJzY2hlbWFfdmVyc2lvbiI6IjIifQ==",
          "dependencies": [
            "module.albb.aws_security_group.alb-sg2"
          ]
        }
      ]
    },
    {
      "module": "module.albb",
      "mode": "managed",
      "type": "aws_security_group_rule",
      "name": "inbound_http",
      "provider": "provider[\"registry.terraform.io/hashicorp/aws\"]",
      "instances": [
        {
          "schema_version": 2,
          "attributes": {
            "cidr_blocks": [
              "0.0.0.0/0"
            ],
            "description": null,
            "from_port": 80,
            "id": "sgrule-698771799",
            "ipv6_cidr_blocks": null,
            "prefix_list_ids": null,
            "protocol": "tcp",
            "security_group_id": "sg-09c61d386bfdaec73",
            "self": false,
            "source_security_group_id": null,
            "to_port": 80,
            "type": "ingress"
          },
          "sensitive_attributes": [],
          "private": "eyJzY2hlbWFfdmVyc2lvbiI6IjIifQ==",
          "dependencies": [
            "module.albb.aws_security_group.alb-sg2"
          ]
        }
      ]
    },
    {
      "module": "module.albb",
      "mode": "managed",
      "type": "aws_security_group_rule",
      "name": "inbound_ssh",
      "provider": "provider[\"registry.terraform.io/hashicorp/aws\"]",
      "instances": [
        {
          "schema_version": 2,
          "attributes": {
            "cidr_blocks": [
              "0.0.0.0/0"
            ],
            "description": null,
            "from_port": 22,
            "id": "sgrule-2670474466",
            "ipv6_cidr_blocks": null,
            "prefix_list_ids": null,
            "protocol": "tcp",
            "security_group_id": "sg-09c61d386bfdaec73",
            "self": false,
            "source_security_group_id": null,
            "to_port": 22,
            "type": "ingress"
          },
          "sensitive_attributes": [],
          "private": "eyJzY2hlbWFfdmVyc2lvbiI6IjIifQ==",
          "dependencies": [
            "module.albb.aws_security_group.alb-sg2"
          ]
        }
      ]
    },
    {
      "module": "module.albb",
      "mode": "managed",
      "type": "aws_security_group_rule",
      "name": "outbound_all",
      "provider": "provider[\"registry.terraform.io/hashicorp/aws\"]",
      "instances": [
        {
          "schema_version": 2,
          "attributes": {
            "cidr_blocks": [
              "0.0.0.0/0"
            ],
            "description": null,
            "from_port": 0,
            "id": "sgrule-684902624",
            "ipv6_cidr_blocks": null,
            "prefix_list_ids": null,
            "protocol": "-1",
            "security_group_id": "sg-09c61d386bfdaec73",
            "self": false,
            "source_security_group_id": null,
            "to_port": 0,
            "type": "egress"
          },
          "sensitive_attributes": [],
          "private": "eyJzY2hlbWFfdmVyc2lvbiI6IjIifQ==",
          "dependencies": [
            "module.albb.aws_security_group.alb-sg2"
          ]
        }
      ]
    }
  ]
}
